// !$*UTF8*$!
{
	archiveVersion = 1;
	classes = {
	};
	objectVersion = 46;
	objects = {

/* Begin PBXBuildFile section */
		4A06516F1FF7DA8900149D5A /* AppDelegate.swift in Sources */ = {isa = PBXBuildFile; fileRef = 4A06516E1FF7DA8900149D5A /* AppDelegate.swift */; };
		4A0651741FF7DA8900149D5A /* Main.storyboard in Resources */ = {isa = PBXBuildFile; fileRef = 4A0651721FF7DA8900149D5A /* Main.storyboard */; };
		4A0651761FF7DA8900149D5A /* Assets.xcassets in Resources */ = {isa = PBXBuildFile; fileRef = 4A0651751FF7DA8900149D5A /* Assets.xcassets */; };
		4A0651791FF7DA8900149D5A /* LaunchScreen.storyboard in Resources */ = {isa = PBXBuildFile; fileRef = 4A0651771FF7DA8900149D5A /* LaunchScreen.storyboard */; };
		4A0651811FF7E3BF00149D5A /* StormtrooperViewController.swift in Sources */ = {isa = PBXBuildFile; fileRef = 4A0651801FF7E3BF00149D5A /* StormtrooperViewController.swift */; };
/* End PBXBuildFile section */

/* Begin PBXFileReference section */
		4A06516B1FF7DA8900149D5A /* StormtroopersAppPart1.app */ = {isa = PBXFileReference; explicitFileType = wrapper.application; includeInIndex = 0; path = StormtroopersAppPart1.app; sourceTree = BUILT_PRODUCTS_DIR; };
		4A06516E1FF7DA8900149D5A /* AppDelegate.swift */ = {isa = PBXFileReference; lastKnownFileType = sourcecode.swift; path = AppDelegate.swift; sourceTree = "<group>"; };
		4A0651731FF7DA8900149D5A /* Base */ = {isa = PBXFileReference; lastKnownFileType = file.storyboard; name = Base; path = Base.lproj/Main.storyboard; sourceTree = "<group>"; };
		4A0651751FF7DA8900149D5A /* Assets.xcassets */ = {isa = PBXFileReference; lastKnownFileType = folder.assetcatalog; path = Assets.xcassets; sourceTree = "<group>"; };
		4A0651781FF7DA8900149D5A /* Base */ = {isa = PBXFileReference; lastKnownFileType = file.storyboard; name = Base; path = Base.lproj/LaunchScreen.storyboard; sourceTree = "<group>"; };
		4A06517A1FF7DA8900149D5A /* Info.plist */ = {isa = PBXFileReference; lastKnownFileType = text.plist.xml; path = Info.plist; sourceTree = "<group>"; };
		4A0651801FF7E3BF00149D5A /* StormtrooperViewController.swift */ = {isa = PBXFileReference; fileEncoding = 4; lastKnownFileType = sourcecode.swift; path = StormtrooperViewController.swift; sourceTree = "<group>"; };
/* End PBXFileReference section */

/* Begin PBXFrameworksBuildPhase section */
		4A0651681FF7DA8900149D5A /* Frameworks */ = {
			isa = PBXFrameworksBuildPhase;
			buildActionMask = 2147483647;
			files = (
			);
			runOnlyForDeploymentPostprocessing = 0;
		};
/* End PBXFrameworksBuildPhase section */

/* Begin PBXGroup section */
		4A0651621FF7DA8900149D5A = {
			isa = PBXGroup;
			children = (
				4A06516D1FF7DA8900149D5A /* StormtroopersAppPart1 */,
				4A06516C1FF7DA8900149D5A /* Products */,
			);
			sourceTree = "<group>";
		};
		4A06516C1FF7DA8900149D5A /* Products */ = {
			isa = PBXGroup;
			children = (
				4A06516B1FF7DA8900149D5A /* StormtroopersAppPart1.app */,
			);
			name = Products;
			sourceTree = "<group>";
		};
		4A06516D1FF7DA8900149D5A /* StormtroopersAppPart1 */ = {
			isa = PBXGroup;
			children = (
				4A06516E1FF7DA8900149D5A /* AppDelegate.swift */,
				4A0651721FF7DA8900149D5A /* Main.storyboard */,
				4A0651751FF7DA8900149D5A /* Assets.xcassets */,
				4A0651771FF7DA8900149D5A /* LaunchScreen.storyboard */,
				4A06517A1FF7DA8900149D5A /* Info.plist */,
				4A0651801FF7E3BF00149D5A /* StormtrooperViewController.swift */,
			);
			path = StormtroopersAppPart1;
			sourceTree = "<group>";
		};
/* End PBXGroup section */

/* Begin PBXNativeTarget section */
		4A06516A1FF7DA8900149D5A /* StormtroopersAppPart1 */ = {
			isa = PBXNativeTarget;
			buildConfigurationList = 4A06517D1FF7DA8900149D5A /* Build configuration list for PBXNativeTarget "StormtroopersAppPart1" */;
			buildPhases = (
				4A0651671FF7DA8900149D5A /* Sources */,
				4A0651681FF7DA8900149D5A /* Frameworks */,
				4A0651691FF7DA8900149D5A /* Resources */,
			);
			buildRules = (
			);
			dependencies = (
			);
			name = StormtroopersAppPart1;
			productName = StormtroopersAppPart1;
			productReference = 4A06516B1FF7DA8900149D5A /* StormtroopersAppPart1.app */;
			productType = "com.apple.product-type.application";
		};
/* End PBXNativeTarget section */

/* Begin PBXProject section */
		4A0651631FF7DA8900149D5A /* Project object */ = {
			isa = PBXProject;
			attributes = {
				LastSwiftUpdateCheck = 0800;
				LastUpgradeCheck = 0800;
				ORGANIZATIONNAME = "Tampa Hackerspace";
				TargetAttributes = {
					4A06516A1FF7DA8900149D5A = {
						CreatedOnToolsVersion = 8.0;
						DevelopmentTeam = N5JHFXE47F;
						ProvisioningStyle = Automatic;
					};
				};
			};
			buildConfigurationList = 4A0651661FF7DA8900149D5A /* Build configuration list for PBXProject "StormtroopersAppPart1" */;
			compatibilityVersion = "Xcode 3.2";
			developmentRegion = English;
			hasScannedForEncodings = 0;
			knownRegions = (
				en,
				Base,
			);
			mainGroup = 4A0651621FF7DA8900149D5A;
			productRefGroup = 4A06516C1FF7DA8900149D5A /* Products */;
			projectDirPath = "";
			projectRoot = "";
			targets = (
				4A06516A1FF7DA8900149D5A /* StormtroopersAppPart1 */,
			);
		};
/* End PBXProject section */

/* Begin PBXResourcesBuildPhase section */
		4A0651691FF7DA8900149D5A /* Resources */ = {
			isa = PBXResourcesBuildPhase;
			buildActionMask = 2147483647;
			files = (
				4A0651791FF7DA8900149D5A /* LaunchScreen.storyboard in Resources */,
				4A0651761FF7DA8900149D5A /* Assets.xcassets in Resources */,
				4A0651741FF7DA8900149D5A /* Main.storyboard in Resources */,
			);
			runOnlyForDeploymentPostprocessing = 0;
		};
/* End PBXResourcesBuildPhase section */

/* Begin PBXSourcesBuildPhase section */
		4A0651671FF7DA8900149D5A /* Sources */ = {
			isa = PBXSourcesBuildPhase;
			buildActionMask = 2147483647;
			files = (
				4A0651811FF7E3BF00149D5A /* StormtrooperViewController.swift in Sources */,
				4A06516F1FF7DA8900149D5A /* AppDelegate.swift in Sources */,
			);
			runOnlyForDeploymentPostprocessing = 0;
		};
/* End PBXSourcesBuildPhase section */

/* Begin PBXVariantGroup section */
		4A0651721FF7DA8900149D5A /* Main.storyboard */ = {
			isa = PBXVariantGroup;
			children = (
				4A0651731FF7DA8900149D5A /* Base */,
			);
			name = Main.storyboard;
			sourceTree = "<group>";
		};
		4A0651771FF7DA8900149D5A /* LaunchScreen.storyboard */ = {
			isa = PBXVariantGroup;
			children = (
				4A0651781FF7DA8900149D5A /* Base */,
			);
			name = LaunchScreen.storyboard;
			sourceTree = "<group>";
		};
/* End PBXVariantGroup section */

/* Begin XCBuildConfiguration section */
		4A06517B1FF7DA8900149D5A /* Debug */ = {
			isa = XCBuildConfiguration;
			buildSettings = {
				ALWAYS_SEARCH_USER_PATHS = NO;
				CLANG_ANALYZER_NONNULL = YES;
				CLANG_CXX_LANGUAGE_STANDARD = "gnu++0x";
				CLANG_CXX_LIBRARY = "libc++";
				CLANG_ENABLE_MODULES = YES;
				CLANG_ENABLE_OBJC_ARC = YES;
				CLANG_WARN_BOOL_CONVERSION = YES;
				CLANG_WARN_CONSTANT_CONVERSION = YES;
				CLANG_WARN_DIRECT_OBJC_ISA_USAGE = YES_ERROR;
				CLANG_WARN_DOCUMENTATION_COMMENTS = YES;
				CLANG_WARN_EMPTY_BODY = YES;
				CLANG_WARN_ENUM_CONVERSION = YES;
				CLANG_WARN_INFINITE_RECURSION = YES;
				CLANG_WARN_INT_CONVERSION = YES;
				CLANG_WARN_OBJC_ROOT_CLASS = YES_ERROR;
				CLANG_WARN_SUSPICIOUS_MOVES = YES;
				CLANG_WARN_UNREACHABLE_CODE = YES;
				CLANG_WARN__DUPLICATE_METHOD_MATCH = YES;
				"CODE_SIGN_IDENTITY[sdk=iphoneos*]" = "iPhone Developer";
				COPY_PHASE_STRIP = NO;
				DEBUG_INFORMATION_FORMAT = dwarf;
				ENABLE_STRICT_OBJC_MSGSEND = YES;
				ENABLE_TESTABILITY = YES;
				GCC_C_LANGUAGE_STANDARD = gnu99;
				GCC_DYNAMIC_NO_PIC = NO;
				GCC_NO_COMMON_BLOCKS = YES;
				GCC_OPTIMIZATION_LEVEL = 0;
				GCC_PREPROCESSOR_DEFINITIONS = (
					"DEBUG=1",
					"$(inherited)",
				);
				GCC_WARN_64_TO_32_BIT_CONVERSION = YES;
				GCC_WARN_ABOUT_RETURN_TYPE = YES_ERROR;
				GCC_WARN_UNDECLARED_SELECTOR = YES;
				GCC_WARN_UNINITIALIZED_AUTOS = YES_AGGRESSIVE;
				GCC_WARN_UNUSED_FUNCTION = YES;
				GCC_WARN_UNUSED_VARIABLE = YES;
				IPHONEOS_DEPLOYMENT_TARGET = 10.0;
				MTL_ENABLE_DEBUG_INFO = YES;
				ONLY_ACTIVE_ARCH = YES;
				SDKROOT = iphoneos;
				SWIFT_ACTIVE_COMPILATION_CONDITIONS = DEBUG;
				SWIFT_OPTIMIZATION_LEVEL = "-Onone";
			};
			name = Debug;
		};
		4A06517C1FF7DA8900149D5A /* Release */ = {
			isa = XCBuildConfiguration;
			buildSettings = {
				ALWAYS_SEARCH_USER_PATHS = NO;
				CLANG_ANALYZER_NONNULL = YES;
				CLANG_CXX_LANGUAGE_STANDARD = "gnu++0x";
				CLANG_CXX_LIBRARY = "libc++";
				CLANG_ENABLE_MODULES = YES;
				CLANG_ENABLE_OBJC_ARC = YES;
				CLANG_WARN_BOOL_CONVERSION = YES;
				CLANG_WARN_CONSTANT_CONVERSION = YES;
				CLANG_WARN_DIRECT_OBJC_ISA_USAGE = YES_ERROR;
				CLANG_WARN_DOCUMENTATION_COMMENTS = YES;
				CLANG_WARN_EMPTY_BODY = YES;
				CLANG_WARN_ENUM_CONVERSION = YES;
				CLANG_WARN_INFINITE_RECURSION = YES;
				CLANG_WARN_INT_CONVERSION = YES;
				CLANG_WARN_OBJC_ROOT_CLASS = YES_ERROR;
				CLANG_WARN_SUSPICIOUS_MOVES = YES;
				CLANG_WARN_UNREACHABLE_CODE = YES;
				CLANG_WARN__DUPLICATE_METHOD_MATCH = YES;
				"CODE_SIGN_IDENTITY[sdk=iphoneos*]" = "iPhone Developer";
				COPY_PHASE_STRIP = NO;
				DEBUG_INFORMATION_FORMAT = "dwarf-with-dsym";
				ENABLE_NS_ASSERTIONS = NO;
				ENABLE_STRICT_OBJC_MSGSEND = YES;
				GCC_C_LANGUAGE_STANDARD = gnu99;
				GCC_NO_COMMON_BLOCKS = YES;
				GCC_WARN_64_TO_32_BIT_CONVERSION = YES;
				GCC_WARN_ABOUT_RETURN_TYPE = YES_ERROR;
				GCC_WARN_UNDECLARED_SELECTOR = YES;
				GCC_WARN_UNINITIALIZED_AUTOS = YES_AGGRESSIVE;
				GCC_WARN_UNUSED_FUNCTION = YES;
				GCC_WARN_UNUSED_VARIABLE = YES;
				IPHONEOS_DEPLOYMENT_TARGET = 10.0;
				MTL_ENABLE_DEBUG_INFO = NO;
				SDKROOT = iphoneos;
				SWIFT_OPTIMIZATION_LEVEL = "-Owholemodule";
				VALIDATE_PRODUCT = YES;
			};
			name = Release;
		};
		4A06517E1FF7DA8900149D5A /* Debug */ = {
			isa = XCBuildConfiguration;
			buildSettings = {
				ASSETCATALOG_COMPILER_APPICON_NAME = AppIcon;
				DEVELOPMENT_TEAM = N5JHFXE47F;
				INFOPLIST_FILE = StormtroopersAppPart1/Info.plist;
				LD_RUNPATH_SEARCH_PATHS = "$(inherited) @executable_path/Frameworks";
				PRODUCT_BUNDLE_IDENTIFIER = com.tampahackerspace.app.StormtroopersAppPart1;
				PRODUCT_NAME = "$(TARGET_NAME)";
				SWIFT_VERSION = 3.0;
			};
			name = Debug;
		};
		4A06517F1FF7DA8900149D5A /* Release */ = {
			isa = XCBuildConfiguration;
			buildSettings = {
				ASSETCATALOG_COMPILER_APPICON_NAME = AppIcon;
				DEVELOPMENT_TEAM = N5JHFXE47F;
				INFOPLIST_FILE = StormtroopersAppPart1/Info.plist;
				LD_RUNPATH_SEARCH_PATHS = "$(inherited) @executable_path/Frameworks";
				PRODUCT_BUNDLE_IDENTIFIER = com.tampahackerspace.app.StormtroopersAppPart1;
				PRODUCT_NAME = "$(TARGET_NAME)";
				SWIFT_VERSION = 3.0;
			};
			name = Release;
		};
/* End XCBuildConfiguration section */

/* Begin XCConfigurationList section */
		4A0651661FF7DA8900149D5A /* Build configuration list for PBXProject "StormtroopersAppPart1" */ = {
			isa = XCConfigurationList;
			buildConfigurations = (
				4A06517B1FF7DA8900149D5A /* Debug */,
				4A06517C1FF7DA8900149D5A /* Release */,
			);
			defaultConfigurationIsVisible = 0;
			defaultConfigurationName = Release;
		};
		4A06517D1FF7DA8900149D5A /* Build configuration list for PBXNativeTarget "StormtroopersAppPart1" */ = {
			isa = XCConfigurationList;
			buildConfigurations = (
				4A06517E1FF7DA8900149D5A /* Debug */,
				4A06517F1FF7DA8900149D5A /* Release */,
			);
			defaultConfigurationIsVisible = 0;
		};
/* End XCConfigurationList section */
	};
	rootObject = 4A0651631FF7DA8900149D5A /* Project object */;
}
