// !$*UTF8*$!
{
	archiveVersion = 1;
	classes = {
	};
	objectVersion = 46;
	objects = {

/* Begin PBXBuildFile section */
		4AD60D9B20192FEF004DA98F /* AppDelegate.swift in Sources */ = {isa = PBXBuildFile; fileRef = 4AD60D9A20192FEF004DA98F /* AppDelegate.swift */; };
		4AD60D9D20192FEF004DA98F /* ViewController.swift in Sources */ = {isa = PBXBuildFile; fileRef = 4AD60D9C20192FEF004DA98F /* ViewController.swift */; };
		4AD60DA020192FEF004DA98F /* Main.storyboard in Resources */ = {isa = PBXBuildFile; fileRef = 4AD60D9E20192FEF004DA98F /* Main.storyboard */; };
		4AD60DA220192FEF004DA98F /* Assets.xcassets in Resources */ = {isa = PBXBuildFile; fileRef = 4AD60DA120192FEF004DA98F /* Assets.xcassets */; };
		4AD60DA520192FEF004DA98F /* LaunchScreen.storyboard in Resources */ = {isa = PBXBuildFile; fileRef = 4AD60DA320192FEF004DA98F /* LaunchScreen.storyboard */; };
		4AF57EBA20193174008B10FC /* StormtrooperViewController.swift in Sources */ = {isa = PBXBuildFile; fileRef = 4AF57EB920193174008B10FC /* StormtrooperViewController.swift */; };
		4AF57EBC20193346008B10FC /* StormtrooperTableTableViewController.swift in Sources */ = {isa = PBXBuildFile; fileRef = 4AF57EBB20193346008B10FC /* StormtrooperTableTableViewController.swift */; };
		4AF57EBE201935AD008B10FC /* StormtrooperClass.swift in Sources */ = {isa = PBXBuildFile; fileRef = 4AF57EBD201935AD008B10FC /* StormtrooperClass.swift */; };
/* End PBXBuildFile section */

/* Begin PBXFileReference section */
		4AD60D9720192FEE004DA98F /* StormtrooperAppPart2.app */ = {isa = PBXFileReference; explicitFileType = wrapper.application; includeInIndex = 0; path = StormtrooperAppPart2.app; sourceTree = BUILT_PRODUCTS_DIR; };
		4AD60D9A20192FEF004DA98F /* AppDelegate.swift */ = {isa = PBXFileReference; lastKnownFileType = sourcecode.swift; path = AppDelegate.swift; sourceTree = "<group>"; };
		4AD60D9C20192FEF004DA98F /* ViewController.swift */ = {isa = PBXFileReference; lastKnownFileType = sourcecode.swift; path = ViewController.swift; sourceTree = "<group>"; };
		4AD60D9F20192FEF004DA98F /* Base */ = {isa = PBXFileReference; lastKnownFileType = file.storyboard; name = Base; path = Base.lproj/Main.storyboard; sourceTree = "<group>"; };
		4AD60DA120192FEF004DA98F /* Assets.xcassets */ = {isa = PBXFileReference; lastKnownFileType = folder.assetcatalog; path = Assets.xcassets; sourceTree = "<group>"; };
		4AD60DA420192FEF004DA98F /* Base */ = {isa = PBXFileReference; lastKnownFileType = file.storyboard; name = Base; path = Base.lproj/LaunchScreen.storyboard; sourceTree = "<group>"; };
		4AD60DA620192FEF004DA98F /* Info.plist */ = {isa = PBXFileReference; lastKnownFileType = text.plist.xml; path = Info.plist; sourceTree = "<group>"; };
		4AF57EB920193174008B10FC /* StormtrooperViewController.swift */ = {isa = PBXFileReference; fileEncoding = 4; lastKnownFileType = sourcecode.swift; path = StormtrooperViewController.swift; sourceTree = "<group>"; };
		4AF57EBB20193346008B10FC /* StormtrooperTableTableViewController.swift */ = {isa = PBXFileReference; fileEncoding = 4; lastKnownFileType = sourcecode.swift; name = StormtrooperTableTableViewController.swift; path = ../StormtrooperTableTableViewController.swift; sourceTree = "<group>"; };
		4AF57EBD201935AD008B10FC /* StormtrooperClass.swift */ = {isa = PBXFileReference; fileEncoding = 4; lastKnownFileType = sourcecode.swift; path = StormtrooperClass.swift; sourceTree = "<group>"; };
/* End PBXFileReference section */

/* Begin PBXFrameworksBuildPhase section */
		4AD60D9420192FEE004DA98F /* Frameworks */ = {
			isa = PBXFrameworksBuildPhase;
			buildActionMask = 2147483647;
			files = (
			);
			runOnlyForDeploymentPostprocessing = 0;
		};
/* End PBXFrameworksBuildPhase section */

/* Begin PBXGroup section */
		4AD60D8E20192FEE004DA98F = {
			isa = PBXGroup;
			children = (
				4AD60D9920192FEE004DA98F /* StormtrooperAppPart2 */,
				4AD60D9820192FEE004DA98F /* Products */,
			);
			sourceTree = "<group>";
		};
		4AD60D9820192FEE004DA98F /* Products */ = {
			isa = PBXGroup;
			children = (
				4AD60D9720192FEE004DA98F /* StormtrooperAppPart2.app */,
			);
			name = Products;
			sourceTree = "<group>";
		};
		4AD60D9920192FEE004DA98F /* StormtrooperAppPart2 */ = {
			isa = PBXGroup;
			children = (
				4AF57EBB20193346008B10FC /* StormtrooperTableTableViewController.swift */,
				4AD60D9A20192FEF004DA98F /* AppDelegate.swift */,
				4AD60D9C20192FEF004DA98F /* ViewController.swift */,
				4AD60D9E20192FEF004DA98F /* Main.storyboard */,
				4AD60DA120192FEF004DA98F /* Assets.xcassets */,
				4AD60DA320192FEF004DA98F /* LaunchScreen.storyboard */,
				4AD60DA620192FEF004DA98F /* Info.plist */,
				4AF57EB920193174008B10FC /* StormtrooperViewController.swift */,
				4AF57EBD201935AD008B10FC /* StormtrooperClass.swift */,
			);
			path = StormtrooperAppPart2;
			sourceTree = "<group>";
		};
/* End PBXGroup section */

/* Begin PBXNativeTarget section */
		4AD60D9620192FEE004DA98F /* StormtrooperAppPart2 */ = {
			isa = PBXNativeTarget;
			buildConfigurationList = 4AD60DA920192FEF004DA98F /* Build configuration list for PBXNativeTarget "StormtrooperAppPart2" */;
			buildPhases = (
				4AD60D9320192FEE004DA98F /* Sources */,
				4AD60D9420192FEE004DA98F /* Frameworks */,
				4AD60D9520192FEE004DA98F /* Resources */,
			);
			buildRules = (
			);
			dependencies = (
			);
			name = StormtrooperAppPart2;
			productName = StormtrooperAppPart2;
			productReference = 4AD60D9720192FEE004DA98F /* StormtrooperAppPart2.app */;
			productType = "com.apple.product-type.application";
		};
/* End PBXNativeTarget section */

/* Begin PBXProject section */
		4AD60D8F20192FEE004DA98F /* Project object */ = {
			isa = PBXProject;
			attributes = {
				LastSwiftUpdateCheck = 0800;
				LastUpgradeCheck = 0800;
				ORGANIZATIONNAME = "Tampa Hackerspace";
				TargetAttributes = {
					4AD60D9620192FEE004DA98F = {
						CreatedOnToolsVersion = 8.0;
						DevelopmentTeam = N5JHFXE47F;
						ProvisioningStyle = Automatic;
					};
				};
			};
			buildConfigurationList = 4AD60D9220192FEE004DA98F /* Build configuration list for PBXProject "StormtrooperAppPart2" */;
			compatibilityVersion = "Xcode 3.2";
			developmentRegion = English;
			hasScannedForEncodings = 0;
			knownRegions = (
				en,
				Base,
			);
			mainGroup = 4AD60D8E20192FEE004DA98F;
			productRefGroup = 4AD60D9820192FEE004DA98F /* Products */;
			projectDirPath = "";
			projectRoot = "";
			targets = (
				4AD60D9620192FEE004DA98F /* StormtrooperAppPart2 */,
			);
		};
/* End PBXProject section */

/* Begin PBXResourcesBuildPhase section */
		4AD60D9520192FEE004DA98F /* Resources */ = {
			isa = PBXResourcesBuildPhase;
			buildActionMask = 2147483647;
			files = (
				4AD60DA520192FEF004DA98F /* LaunchScreen.storyboard in Resources */,
				4AD60DA220192FEF004DA98F /* Assets.xcassets in Resources */,
				4AD60DA020192FEF004DA98F /* Main.storyboard in Resources */,
			);
			runOnlyForDeploymentPostprocessing = 0;
		};
/* End PBXResourcesBuildPhase section */

/* Begin PBXSourcesBuildPhase section */
		4AD60D9320192FEE004DA98F /* Sources */ = {
			isa = PBXSourcesBuildPhase;
			buildActionMask = 2147483647;
			files = (
				4AF57EBC20193346008B10FC /* StormtrooperTableTableViewController.swift in Sources */,
				4AD60D9D20192FEF004DA98F /* ViewController.swift in Sources */,
				4AD60D9B20192FEF004DA98F /* AppDelegate.swift in Sources */,
				4AF57EBA20193174008B10FC /* StormtrooperViewController.swift in Sources */,
				4AF57EBE201935AD008B10FC /* StormtrooperClass.swift in Sources */,
			);
			runOnlyForDeploymentPostprocessing = 0;
		};
/* End PBXSourcesBuildPhase section */

/* Begin PBXVariantGroup section */
		4AD60D9E20192FEF004DA98F /* Main.storyboard */ = {
			isa = PBXVariantGroup;
			children = (
				4AD60D9F20192FEF004DA98F /* Base */,
			);
			name = Main.storyboard;
			sourceTree = "<group>";
		};
		4AD60DA320192FEF004DA98F /* LaunchScreen.storyboard */ = {
			isa = PBXVariantGroup;
			children = (
				4AD60DA420192FEF004DA98F /* Base */,
			);
			name = LaunchScreen.storyboard;
			sourceTree = "<group>";
		};
/* End PBXVariantGroup section */

/* Begin XCBuildConfiguration section */
		4AD60DA720192FEF004DA98F /* Debug */ = {
			isa = XCBuildConfiguration;
			buildSettings = {
				ALWAYS_SEARCH_USER_PATHS = NO;
				CLANG_ANALYZER_NONNULL = YES;
				CLANG_CXX_LANGUAGE_STANDARD = "gnu++0x";
				CLANG_CXX_LIBRARY = "libc++";
				CLANG_ENABLE_MODULES = YES;
				CLANG_ENABLE_OBJC_ARC = YES;
				CLANG_WARN_BOOL_CONVERSION = YES;
				CLANG_WARN_CONSTANT_CONVERSION = YES;
				CLANG_WARN_DIRECT_OBJC_ISA_USAGE = YES_ERROR;
				CLANG_WARN_DOCUMENTATION_COMMENTS = YES;
				CLANG_WARN_EMPTY_BODY = YES;
				CLANG_WARN_ENUM_CONVERSION = YES;
				CLANG_WARN_INFINITE_RECURSION = YES;
				CLANG_WARN_INT_CONVERSION = YES;
				CLANG_WARN_OBJC_ROOT_CLASS = YES_ERROR;
				CLANG_WARN_SUSPICIOUS_MOVES = YES;
				CLANG_WARN_UNREACHABLE_CODE = YES;
				CLANG_WARN__DUPLICATE_METHOD_MATCH = YES;
				"CODE_SIGN_IDENTITY[sdk=iphoneos*]" = "iPhone Developer";
				COPY_PHASE_STRIP = NO;
				DEBUG_INFORMATION_FORMAT = dwarf;
				ENABLE_STRICT_OBJC_MSGSEND = YES;
				ENABLE_TESTABILITY = YES;
				GCC_C_LANGUAGE_STANDARD = gnu99;
				GCC_DYNAMIC_NO_PIC = NO;
				GCC_NO_COMMON_BLOCKS = YES;
				GCC_OPTIMIZATION_LEVEL = 0;
				GCC_PREPROCESSOR_DEFINITIONS = (
					"DEBUG=1",
					"$(inherited)",
				);
				GCC_WARN_64_TO_32_BIT_CONVERSION = YES;
				GCC_WARN_ABOUT_RETURN_TYPE = YES_ERROR;
				GCC_WARN_UNDECLARED_SELECTOR = YES;
				GCC_WARN_UNINITIALIZED_AUTOS = YES_AGGRESSIVE;
				GCC_WARN_UNUSED_FUNCTION = YES;
				GCC_WARN_UNUSED_VARIABLE = YES;
				IPHONEOS_DEPLOYMENT_TARGET = 10.0;
				MTL_ENABLE_DEBUG_INFO = YES;
				ONLY_ACTIVE_ARCH = YES;
				SDKROOT = iphoneos;
				SWIFT_ACTIVE_COMPILATION_CONDITIONS = DEBUG;
				SWIFT_OPTIMIZATION_LEVEL = "-Onone";
			};
			name = Debug;
		};
		4AD60DA820192FEF004DA98F /* Release */ = {
			isa = XCBuildConfiguration;
			buildSettings = {
				ALWAYS_SEARCH_USER_PATHS = NO;
				CLANG_ANALYZER_NONNULL = YES;
				CLANG_CXX_LANGUAGE_STANDARD = "gnu++0x";
				CLANG_CXX_LIBRARY = "libc++";
				CLANG_ENABLE_MODULES = YES;
				CLANG_ENABLE_OBJC_ARC = YES;
				CLANG_WARN_BOOL_CONVERSION = YES;
				CLANG_WARN_CONSTANT_CONVERSION = YES;
				CLANG_WARN_DIRECT_OBJC_ISA_USAGE = YES_ERROR;
				CLANG_WARN_DOCUMENTATION_COMMENTS = YES;
				CLANG_WARN_EMPTY_BODY = YES;
				CLANG_WARN_ENUM_CONVERSION = YES;
				CLANG_WARN_INFINITE_RECURSION = YES;
				CLANG_WARN_INT_CONVERSION = YES;
				CLANG_WARN_OBJC_ROOT_CLASS = YES_ERROR;
				CLANG_WARN_SUSPICIOUS_MOVES = YES;
				CLANG_WARN_UNREACHABLE_CODE = YES;
				CLANG_WARN__DUPLICATE_METHOD_MATCH = YES;
				"CODE_SIGN_IDENTITY[sdk=iphoneos*]" = "iPhone Developer";
				COPY_PHASE_STRIP = NO;
				DEBUG_INFORMATION_FORMAT = "dwarf-with-dsym";
				ENABLE_NS_ASSERTIONS = NO;
				ENABLE_STRICT_OBJC_MSGSEND = YES;
				GCC_C_LANGUAGE_STANDARD = gnu99;
				GCC_NO_COMMON_BLOCKS = YES;
				GCC_WARN_64_TO_32_BIT_CONVERSION = YES;
				GCC_WARN_ABOUT_RETURN_TYPE = YES_ERROR;
				GCC_WARN_UNDECLARED_SELECTOR = YES;
				GCC_WARN_UNINITIALIZED_AUTOS = YES_AGGRESSIVE;
				GCC_WARN_UNUSED_FUNCTION = YES;
				GCC_WARN_UNUSED_VARIABLE = YES;
				IPHONEOS_DEPLOYMENT_TARGET = 10.0;
				MTL_ENABLE_DEBUG_INFO = NO;
				SDKROOT = iphoneos;
				SWIFT_OPTIMIZATION_LEVEL = "-Owholemodule";
				VALIDATE_PRODUCT = YES;
			};
			name = Release;
		};
		4AD60DAA20192FEF004DA98F /* Debug */ = {
			isa = XCBuildConfiguration;
			buildSettings = {
				ASSETCATALOG_COMPILER_APPICON_NAME = AppIcon;
				DEVELOPMENT_TEAM = N5JHFXE47F;
				INFOPLIST_FILE = StormtrooperAppPart2/Info.plist;
				LD_RUNPATH_SEARCH_PATHS = "$(inherited) @executable_path/Frameworks";
				PRODUCT_BUNDLE_IDENTIFIER = com.tampahackerspace.app.StormtrooperAppPart2;
				PRODUCT_NAME = "$(TARGET_NAME)";
				SWIFT_VERSION = 3.0;
			};
			name = Debug;
		};
		4AD60DAB20192FEF004DA98F /* Release */ = {
			isa = XCBuildConfiguration;
			buildSettings = {
				ASSETCATALOG_COMPILER_APPICON_NAME = AppIcon;
				DEVELOPMENT_TEAM = N5JHFXE47F;
				INFOPLIST_FILE = StormtrooperAppPart2/Info.plist;
				LD_RUNPATH_SEARCH_PATHS = "$(inherited) @executable_path/Frameworks";
				PRODUCT_BUNDLE_IDENTIFIER = com.tampahackerspace.app.StormtrooperAppPart2;
				PRODUCT_NAME = "$(TARGET_NAME)";
				SWIFT_VERSION = 3.0;
			};
			name = Release;
		};
/* End XCBuildConfiguration section */

/* Begin XCConfigurationList section */
		4AD60D9220192FEE004DA98F /* Build configuration list for PBXProject "StormtrooperAppPart2" */ = {
			isa = XCConfigurationList;
			buildConfigurations = (
				4AD60DA720192FEF004DA98F /* Debug */,
				4AD60DA820192FEF004DA98F /* Release */,
			);
			defaultConfigurationIsVisible = 0;
			defaultConfigurationName = Release;
		};
		4AD60DA920192FEF004DA98F /* Build configuration list for PBXNativeTarget "StormtrooperAppPart2" */ = {
			isa = XCConfigurationList;
			buildConfigurations = (
				4AD60DAA20192FEF004DA98F /* Debug */,
				4AD60DAB20192FEF004DA98F /* Release */,
			);
			defaultConfigurationIsVisible = 0;
			defaultConfigurationName = Release;
		};
/* End XCConfigurationList section */
	};
	rootObject = 4AD60D8F20192FEE004DA98F /* Project object */;
}
